// !$*UTF8*$!
{
	archiveVersion = 1;
	classes = {
	};
	objectVersion = 46;
	objects = {

/* Begin PBXAggregateTarget section */
		3DDAAC4AA80744EF8D118C07 /* ZERO_CHECK */ = {
			isa = PBXAggregateTarget;
			buildConfigurationList = 5D20AEC25C664ED1A2D425F1 /* Build configuration list for PBXAggregateTarget "ZERO_CHECK" */;
			buildPhases = (
				D7C82A71BFA44CDCB8E44A0F /* CMake Rules */,
			);
			dependencies = (
			);
			name = ZERO_CHECK;
			productName = ZERO_CHECK;
		};
		5A0A1BA79B7B4C658F022758 /* install */ = {
			isa = PBXAggregateTarget;
			buildConfigurationList = 7411A255474E4E04BDBD3DF2 /* Build configuration list for PBXAggregateTarget "install" */;
			buildPhases = (
				80E92092DE7E4F8AB1DE5851 /* CMake PostBuild Rules */,
			);
			dependencies = (
				30977040C5774D1BB7DC8386 /* PBXTargetDependency */,
			);
			name = install;
			productName = install;
		};
		C18936E03811468F9B4674F5 /* ALL_BUILD */ = {
			isa = PBXAggregateTarget;
			buildConfigurationList = D4AC424A825148B5893CCD63 /* Build configuration list for PBXAggregateTarget "ALL_BUILD" */;
			buildPhases = (
				1869E99F6D924EE280BBCFCF /* CMake Rules */,
			);
			dependencies = (
				4F450345DFE7463BB9768984 /* PBXTargetDependency */,
				683DBC742DA8474C8386FC01 /* PBXTargetDependency */,
			);
			name = ALL_BUILD;
			productName = ALL_BUILD;
		};
/* End PBXAggregateTarget section */

/* Begin PBXBuildFile section */
		037E09A8D19241C6B1959FC2 /* /Users/mac/Documents/GITRepositories/libigl/external/glad/src/glad.c */ = {isa = PBXBuildFile; fileRef = F9B2BF33927147DA9A360983 /* /Users/mac/Documents/GITRepositories/libigl/external/glad/src/glad.c */; };
		FEC5C1B2BA3D460CBD32731D /* /Users/mac/Documents/GITRepositories/libigl/external/glad/CMakeLists.txt */ = {isa = PBXBuildFile; fileRef = 27D668ACCF0E41739954C1F6 /* /Users/mac/Documents/GITRepositories/libigl/external/glad/CMakeLists.txt */; };
/* End PBXBuildFile section */

/* Begin PBXBuildStyle section */
		2316AF5708BC4159BA60181A /* MinSizeRel */ = {
			isa = PBXBuildStyle;
			buildSettings = {
				COPY_PHASE_STRIP = NO;
			};
			name = MinSizeRel;
		};
		5778C24A8D354F2ABE313F4E /* RelWithDebInfo */ = {
			isa = PBXBuildStyle;
			buildSettings = {
				COPY_PHASE_STRIP = NO;
			};
			name = RelWithDebInfo;
		};
		5B27CE52903A43B9B4C805D4 /* Debug */ = {
			isa = PBXBuildStyle;
			buildSettings = {
				COPY_PHASE_STRIP = NO;
			};
			name = Debug;
		};
		84745CE995694112A38850E2 = {
			isa = PBXBuildStyle;
		};
		D59050FBC09A4115AFC379E9 /* Release */ = {
			isa = PBXBuildStyle;
			buildSettings = {
				COPY_PHASE_STRIP = NO;
			};
			name = Release;
		};
/* End PBXBuildStyle section */

/* Begin PBXContainerItemProxy section */
		0347DD132D1F4FC0B24EAF1A /* PBXContainerItemProxy */ = {
			isa = PBXContainerItemProxy;
			containerPortal = DD78B08EADE94CE284A621E1 /* Project object */;
			proxyType = 1;
			remoteGlobalIDString = 3DDAAC4AA80744EF8D118C07;
			remoteInfo = ZERO_CHECK;
		};
		4F6ACE5AA48B40369F11D506 /* PBXContainerItemProxy */ = {
			isa = PBXContainerItemProxy;
			containerPortal = DD78B08EADE94CE284A621E1 /* Project object */;
			proxyType = 1;
			remoteGlobalIDString = C18936E03811468F9B4674F5;
			remoteInfo = ALL_BUILD;
		};
		8987694456B24F8CBEA7FBD8 /* PBXContainerItemProxy */ = {
			isa = PBXContainerItemProxy;
			containerPortal = DD78B08EADE94CE284A621E1 /* Project object */;
			proxyType = 1;
			remoteGlobalIDString = A2BC3DEAE51B45F0A938273A;
			remoteInfo = glad;
		};
		E4505B8F5A5E434CBB73F2AA /* PBXContainerItemProxy */ = {
			isa = PBXContainerItemProxy;
			containerPortal = DD78B08EADE94CE284A621E1 /* Project object */;
			proxyType = 1;
			remoteGlobalIDString = 3DDAAC4AA80744EF8D118C07;
			remoteInfo = ZERO_CHECK;
		};
/* End PBXContainerItemProxy section */

/* Begin PBXFileReference section */
		07495437E1B84589B8CF9909 /* /Users/mac/Documents/GITRepositories/libigl/external/glad/CMakeLists.txt */ = {isa = PBXFileReference; explicitFileType = sourcecode.text; fileEncoding = 4; name = CMakeLists.txt; path = CMakeLists.txt; sourceTree = SOURCE_ROOT; };
		27D668ACCF0E41739954C1F6 /* /Users/mac/Documents/GITRepositories/libigl/external/glad/CMakeLists.txt */ = {isa = PBXFileReference; explicitFileType = sourcecode.text; fileEncoding = 4; name = CMakeLists.txt; path = CMakeLists.txt; sourceTree = SOURCE_ROOT; };
		814E80B7A9714CCEBEF50C38 /* glad */ = {isa = PBXFileReference; explicitFileType = archive.ar; path = libglad.a; sourceTree = BUILT_PRODUCTS_DIR; };
		D7CEBB360CD24FA08F0D7409 /* /Users/mac/Documents/GITRepositories/libigl/external/glad/CMakeLists.txt */ = {isa = PBXFileReference; explicitFileType = sourcecode.text; fileEncoding = 4; name = CMakeLists.txt; path = CMakeLists.txt; sourceTree = SOURCE_ROOT; };
		F9B2BF33927147DA9A360983 /* /Users/mac/Documents/GITRepositories/libigl/external/glad/src/glad.c */ = {isa = PBXFileReference; explicitFileType = sourcecode.c.c; fileEncoding = 4; name = glad.c; path = src/glad.c; sourceTree = SOURCE_ROOT; };
/* End PBXFileReference section */

/* Begin PBXGroup section */
		239849A9B0B845FCA0F21F6C /* CMake Rules */ = {
			isa = PBXGroup;
			children = (
			);
			name = "CMake Rules";
			sourceTree = "<group>";
		};
		32007869EFC34A52A177E7A4 /* Resources */ = {
			isa = PBXGroup;
			children = (
			);
			name = Resources;
			sourceTree = "<group>";
		};
		5F351E667E104B4BB36DCFE1 /* Sources */ = {
			isa = PBXGroup;
			children = (
				C118B75B84FD4C8FBF9B7EE4 /* glad */,
				EBCF3B3063F14C5DB1E5A85E /* ALL_BUILD */,
				B179D59ADAE54069852AFDF6 /* ZERO_CHECK */,
			);
			name = Sources;
			sourceTree = "<group>";
		};
		8F0C04B77B97489786332BA0 = {
			isa = PBXGroup;
			children = (
				5F351E667E104B4BB36DCFE1 /* Sources */,
				32007869EFC34A52A177E7A4 /* Resources */,
				9763251A3C594F1FB026D7A2 /* Products */,
			);
			sourceTree = "<group>";
		};
		9763251A3C594F1FB026D7A2 /* Products */ = {
			isa = PBXGroup;
			children = (
				814E80B7A9714CCEBEF50C38 /* glad */,
			);
			name = Products;
			sourceTree = "<group>";
		};
		B179D59ADAE54069852AFDF6 /* ZERO_CHECK */ = {
			isa = PBXGroup;
			children = (
				CD1B451029B0420EA00918B2 /* CMake Rules */,
				07495437E1B84589B8CF9909 /* /Users/mac/Documents/GITRepositories/libigl/external/glad/CMakeLists.txt */,
			);
			name = ZERO_CHECK;
			sourceTree = "<group>";
		};
		C118B75B84FD4C8FBF9B7EE4 /* glad */ = {
			isa = PBXGroup;
			children = (
				DB5BB2B01DBB420C8E7A582D /* Source Files */,
				27D668ACCF0E41739954C1F6 /* /Users/mac/Documents/GITRepositories/libigl/external/glad/CMakeLists.txt */,
			);
			name = glad;
			sourceTree = "<group>";
		};
		CD1B451029B0420EA00918B2 /* CMake Rules */ = {
			isa = PBXGroup;
			children = (
			);
			name = "CMake Rules";
			sourceTree = "<group>";
		};
		DB5BB2B01DBB420C8E7A582D /* Source Files */ = {
			isa = PBXGroup;
			children = (
				F9B2BF33927147DA9A360983 /* /Users/mac/Documents/GITRepositories/libigl/external/glad/src/glad.c */,
			);
			name = "Source Files";
			sourceTree = "<group>";
		};
		EBCF3B3063F14C5DB1E5A85E /* ALL_BUILD */ = {
			isa = PBXGroup;
			children = (
				239849A9B0B845FCA0F21F6C /* CMake Rules */,
				D7CEBB360CD24FA08F0D7409 /* /Users/mac/Documents/GITRepositories/libigl/external/glad/CMakeLists.txt */,
			);
			name = ALL_BUILD;
			sourceTree = "<group>";
		};
/* End PBXGroup section */

/* Begin PBXNativeTarget section */
		A2BC3DEAE51B45F0A938273A /* glad */ = {
			isa = PBXNativeTarget;
			buildConfigurationList = CDDECB4A1F604B46A8809D48 /* Build configuration list for PBXNativeTarget "glad" */;
			buildPhases = (
				4571A393C536497E99297FC1 /* Sources */,
			);
			buildRules = (
			);
			dependencies = (
				BB107ED52B9646B19DD3E376 /* PBXTargetDependency */,
			);
			name = glad;
			productName = glad;
			productReference = 814E80B7A9714CCEBEF50C38 /* glad */;
			productType = "com.apple.product-type.library.static";
		};
/* End PBXNativeTarget section */

/* Begin PBXProject section */
		DD78B08EADE94CE284A621E1 /* Project object */ = {
			isa = PBXProject;
			attributes = {
				BuildIndependentTargetsInParallel = YES;
				LastUpgradeCheck = 1010;
			};
			buildConfigurationList = 4F8D8382CB3543BDA1CD1BD6 /* Build configuration list for PBXProject "glad" */;
			buildSettings = {
			};
			buildStyles = (
				5B27CE52903A43B9B4C805D4 /* Debug */,
				D59050FBC09A4115AFC379E9 /* Release */,
				2316AF5708BC4159BA60181A /* MinSizeRel */,
				5778C24A8D354F2ABE313F4E /* RelWithDebInfo */,
			);
			compatibilityVersion = "Xcode 3.2";
			hasScannedForEncodings = 0;
			mainGroup = 8F0C04B77B97489786332BA0;
			projectDirPath = /Users/mac/Documents/GITRepositories/libigl/external/glad;
			projectRoot = "";
			targets = (
				C18936E03811468F9B4674F5 /* ALL_BUILD */,
				3DDAAC4AA80744EF8D118C07 /* ZERO_CHECK */,
				A2BC3DEAE51B45F0A938273A /* glad */,
				5A0A1BA79B7B4C658F022758 /* install */,
			);
		};
/* End PBXProject section */

/* Begin PBXShellScriptBuildPhase section */
		057036153BBB4E438DF73376 = {
			isa = PBXShellScriptBuildPhase;
			buildActionMask = 2147483647;
			files = (
			);
			inputPaths = (
			);
			outputPaths = (
			);
			runOnlyForDeploymentPostprocessing = 0;
			shellPath = /bin/sh;
			shellScript = "# shell script goes here
exit 0";
			showEnvVarsInLog = 0;
		};
		1869E99F6D924EE280BBCFCF /* CMake Rules */ = {
			isa = PBXShellScriptBuildPhase;
			buildActionMask = 2147483647;
			files = (
			);
			name = "CMake Rules";
			runOnlyForDeploymentPostprocessing = 0;
			shellPath = /bin/sh;
			shellScript = "make -C /Users/mac/Documents/GITRepositories/Dev-2-libigl/XcodeProject/glad -f /Users/mac/Documents/GITRepositories/Dev-2-libigl/XcodeProject/glad/CMakeScripts/ALL_BUILD_cmakeRulesBuildPhase.make$CONFIGURATION all";
			showEnvVarsInLog = 0;
		};
		6250816F86994622AE9874F2 = {
			isa = PBXShellScriptBuildPhase;
			buildActionMask = 2147483647;
			files = (
			);
			inputPaths = (
			);
			outputPaths = (
			);
			runOnlyForDeploymentPostprocessing = 0;
			shellPath = /bin/sh;
			shellScript = "# shell script goes here
exit 0";
			showEnvVarsInLog = 0;
		};
		80E92092DE7E4F8AB1DE5851 /* CMake PostBuild Rules */ = {
			isa = PBXShellScriptBuildPhase;
			buildActionMask = 2147483647;
			files = (
			);
			name = "CMake PostBuild Rules";
			runOnlyForDeploymentPostprocessing = 0;
			shellPath = /bin/sh;
			shellScript = "make -C /Users/mac/Documents/GITRepositories/Dev-2-libigl/XcodeProject/glad -f /Users/mac/Documents/GITRepositories/Dev-2-libigl/XcodeProject/glad/CMakeScripts/install_postBuildPhase.make$CONFIGURATION all";
			showEnvVarsInLog = 0;
		};
		D7C82A71BFA44CDCB8E44A0F /* CMake Rules */ = {
			isa = PBXShellScriptBuildPhase;
			buildActionMask = 2147483647;
			files = (
			);
			name = "CMake Rules";
			runOnlyForDeploymentPostprocessing = 0;
			shellPath = /bin/sh;
			shellScript = "make -C /Users/mac/Documents/GITRepositories/Dev-2-libigl/XcodeProject/glad -f /Users/mac/Documents/GITRepositories/Dev-2-libigl/XcodeProject/glad/CMakeScripts/ZERO_CHECK_cmakeRulesBuildPhase.make$CONFIGURATION all";
			showEnvVarsInLog = 0;
		};
		FA3D12A2D79642A0A69D3954 = {
			isa = PBXShellScriptBuildPhase;
			buildActionMask = 2147483647;
			files = (
			);
			inputPaths = (
			);
			outputPaths = (
			);
			runOnlyForDeploymentPostprocessing = 0;
			shellPath = /bin/sh;
			shellScript = "# shell script goes here
exit 0";
			showEnvVarsInLog = 0;
		};
/* End PBXShellScriptBuildPhase section */

/* Begin PBXSourcesBuildPhase section */
		4571A393C536497E99297FC1 /* Sources */ = {
			isa = PBXSourcesBuildPhase;
			buildActionMask = 2147483647;
			files = (
				037E09A8D19241C6B1959FC2 /* /Users/mac/Documents/GITRepositories/libigl/external/glad/src/glad.c */,
			);
			runOnlyForDeploymentPostprocessing = 0;
		};
/* End PBXSourcesBuildPhase section */

/* Begin PBXTargetDependency section */
		30977040C5774D1BB7DC8386 /* PBXTargetDependency */ = {
			isa = PBXTargetDependency;
			target = C18936E03811468F9B4674F5 /* ALL_BUILD */;
			targetProxy = 4F6ACE5AA48B40369F11D506 /* PBXContainerItemProxy */;
		};
		4F450345DFE7463BB9768984 /* PBXTargetDependency */ = {
			isa = PBXTargetDependency;
			target = A2BC3DEAE51B45F0A938273A /* glad */;
			targetProxy = 8987694456B24F8CBEA7FBD8 /* PBXContainerItemProxy */;
		};
		683DBC742DA8474C8386FC01 /* PBXTargetDependency */ = {
			isa = PBXTargetDependency;
			target = 3DDAAC4AA80744EF8D118C07 /* ZERO_CHECK */;
			targetProxy = 0347DD132D1F4FC0B24EAF1A /* PBXContainerItemProxy */;
		};
		BB107ED52B9646B19DD3E376 /* PBXTargetDependency */ = {
			isa = PBXTargetDependency;
			target = 3DDAAC4AA80744EF8D118C07 /* ZERO_CHECK */;
			targetProxy = E4505B8F5A5E434CBB73F2AA /* PBXContainerItemProxy */;
		};
/* End PBXTargetDependency section */

/* Begin XCBuildConfiguration section */
		00C032EBECB54EFDBED48B1A /* Release */ = {
			isa = XCBuildConfiguration;
			buildSettings = {
				COMBINE_HIDPI_IMAGES = YES;
				EXECUTABLE_PREFIX = lib;
				EXECUTABLE_SUFFIX = .a;
				GCC_GENERATE_DEBUGGING_SYMBOLS = NO;
				GCC_INLINES_ARE_PRIVATE_EXTERN = NO;
				GCC_OPTIMIZATION_LEVEL = 3;
				GCC_PREPROCESSOR_DEFINITIONS = ("'CMAKE_INTDIR=\"$(CONFIGURATION)$(EFFECTIVE_PLATFORM_NAME)\"'");
				GCC_SYMBOLS_PRIVATE_EXTERN = NO;
				HEADER_SEARCH_PATHS = (/Users/mac/Documents/GITRepositories/libigl/external/glad/include);
				INSTALL_PATH = "";
				LIBRARY_STYLE = STATIC;
				OTHER_CFLAGS = " -fPIC     -DNDEBUG -I/Users/mac/Documents/GITRepositories/libigl/external/glad/include   ";
				OTHER_LIBTOOLFLAGS = " ";
				OTHER_REZFLAGS = "";
				PRODUCT_NAME = glad;
				SECTORDER_FLAGS = "";
				SYMROOT = "/Users/mac/Documents/GITRepositories/Dev-2-libigl/XcodeProject/glad";
				USE_HEADERMAP = NO;
				WARNING_CFLAGS = ("-Wmost","-Wno-four-char-constants","-Wno-unknown-pragmas","$(inherited)");
			};
			name = Release;
		};
		1E144A3D400C4358A5B77C95 /* RelWithDebInfo */ = {
			isa = XCBuildConfiguration;
			buildSettings = {
				COMBINE_HIDPI_IMAGES = YES;
				GCC_GENERATE_DEBUGGING_SYMBOLS = YES;
				GCC_INLINES_ARE_PRIVATE_EXTERN = NO;
				GCC_OPTIMIZATION_LEVEL = 0;
				GCC_PREPROCESSOR_DEFINITIONS = ("'CMAKE_INTDIR=\"$(CONFIGURATION)$(EFFECTIVE_PLATFORM_NAME)\"'");
				GCC_SYMBOLS_PRIVATE_EXTERN = NO;
				INSTALL_PATH = "";
				OTHER_LDFLAGS = " ";
				OTHER_REZFLAGS = "";
				PRODUCT_NAME = ALL_BUILD;
				SECTORDER_FLAGS = "";
				SYMROOT = "/Users/mac/Documents/GITRepositories/Dev-2-libigl/XcodeProject/glad";
				USE_HEADERMAP = NO;
				WARNING_CFLAGS = ("-Wmost","-Wno-four-char-constants","-Wno-unknown-pragmas","$(inherited)");
			};
			name = RelWithDebInfo;
		};
		288A1F4E4DE846D0A2B80CAA /* Release */ = {
			isa = XCBuildConfiguration;
			buildSettings = {
				COMBINE_HIDPI_IMAGES = YES;
				GCC_GENERATE_DEBUGGING_SYMBOLS = YES;
				GCC_INLINES_ARE_PRIVATE_EXTERN = NO;
				GCC_OPTIMIZATION_LEVEL = 0;
				GCC_PREPROCESSOR_DEFINITIONS = ("'CMAKE_INTDIR=\"$(CONFIGURATION)$(EFFECTIVE_PLATFORM_NAME)\"'");
				GCC_SYMBOLS_PRIVATE_EXTERN = NO;
				INSTALL_PATH = "";
				OTHER_LDFLAGS = " ";
				OTHER_REZFLAGS = "";
				PRODUCT_NAME = ALL_BUILD;
				SECTORDER_FLAGS = "";
				SYMROOT = "/Users/mac/Documents/GITRepositories/Dev-2-libigl/XcodeProject/glad";
				USE_HEADERMAP = NO;
				WARNING_CFLAGS = ("-Wmost","-Wno-four-char-constants","-Wno-unknown-pragmas","$(inherited)");
			};
			name = Release;
		};
		2B6A7E709C0C449C88A39924 /* Release */ = {
			isa = XCBuildConfiguration;
			buildSettings = {
				COMBINE_HIDPI_IMAGES = YES;
				GCC_GENERATE_DEBUGGING_SYMBOLS = YES;
				GCC_INLINES_ARE_PRIVATE_EXTERN = NO;
				GCC_OPTIMIZATION_LEVEL = 0;
				GCC_PREPROCESSOR_DEFINITIONS = ("'CMAKE_INTDIR=\"$(CONFIGURATION)$(EFFECTIVE_PLATFORM_NAME)\"'");
				GCC_SYMBOLS_PRIVATE_EXTERN = NO;
				INSTALL_PATH = "";
				OTHER_LDFLAGS = " ";
				OTHER_REZFLAGS = "";
				PRODUCT_NAME = ZERO_CHECK;
				SECTORDER_FLAGS = "";
				SYMROOT = "/Users/mac/Documents/GITRepositories/Dev-2-libigl/XcodeProject/glad";
				USE_HEADERMAP = NO;
				WARNING_CFLAGS = ("-Wmost","-Wno-four-char-constants","-Wno-unknown-pragmas","$(inherited)");
			};
			name = Release;
		};
		37B2AAF31BB24D67A002534D /* Debug */ = {
			isa = XCBuildConfiguration;
			buildSettings = {
				COMBINE_HIDPI_IMAGES = YES;
				EXECUTABLE_PREFIX = lib;
				EXECUTABLE_SUFFIX = .a;
				GCC_GENERATE_DEBUGGING_SYMBOLS = YES;
				GCC_INLINES_ARE_PRIVATE_EXTERN = NO;
				GCC_OPTIMIZATION_LEVEL = 0;
				GCC_PREPROCESSOR_DEFINITIONS = ("'CMAKE_INTDIR=\"$(CONFIGURATION)$(EFFECTIVE_PLATFORM_NAME)\"'");
				GCC_SYMBOLS_PRIVATE_EXTERN = NO;
				HEADER_SEARCH_PATHS = (/Users/mac/Documents/GITRepositories/libigl/external/glad/include);
				INSTALL_PATH = "";
				LIBRARY_STYLE = STATIC;
				OTHER_CFLAGS = " -fPIC    -I/Users/mac/Documents/GITRepositories/libigl/external/glad/include   ";
				OTHER_LIBTOOLFLAGS = " ";
				OTHER_REZFLAGS = "";
				PRODUCT_NAME = glad;
				SECTORDER_FLAGS = "";
				SYMROOT = "/Users/mac/Documents/GITRepositories/Dev-2-libigl/XcodeProject/glad";
				USE_HEADERMAP = NO;
				WARNING_CFLAGS = ("-Wmost","-Wno-four-char-constants","-Wno-unknown-pragmas","$(inherited)");
			};
			name = Debug;
		};
		462AF9958DE54F3DB6B5FC40 /* RelWithDebInfo */ = {
			isa = XCBuildConfiguration;
			buildSettings = {
				MACOSX_DEPLOYMENT_TARGET = 10.13;
				ONLY_ACTIVE_ARCH = YES;
				SDKROOT = /Applications/Xcode.app/Contents/Developer/Platforms/MacOSX.platform/Developer/SDKs/MacOSX10.14.sdk;
				SYMROOT = "/Users/mac/Documents/GITRepositories/Dev-2-libigl/XcodeProject/glad/build";
			};
			name = RelWithDebInfo;
		};
		4947FF1CE5604069A6F5A481 /* RelWithDebInfo */ = {
			isa = XCBuildConfiguration;
			buildSettings = {
				COMBINE_HIDPI_IMAGES = YES;
				EXECUTABLE_PREFIX = lib;
				EXECUTABLE_SUFFIX = .a;
				GCC_GENERATE_DEBUGGING_SYMBOLS = YES;
				GCC_INLINES_ARE_PRIVATE_EXTERN = NO;
				GCC_OPTIMIZATION_LEVEL = 2;
				GCC_PREPROCESSOR_DEFINITIONS = ("'CMAKE_INTDIR=\"$(CONFIGURATION)$(EFFECTIVE_PLATFORM_NAME)\"'");
				GCC_SYMBOLS_PRIVATE_EXTERN = NO;
				HEADER_SEARCH_PATHS = (/Users/mac/Documents/GITRepositories/libigl/external/glad/include);
				INSTALL_PATH = "";
				LIBRARY_STYLE = STATIC;
				OTHER_CFLAGS = " -fPIC        -DNDEBUG -I/Users/mac/Documents/GITRepositories/libigl/external/glad/include   ";
				OTHER_LIBTOOLFLAGS = " ";
				OTHER_REZFLAGS = "";
				PRODUCT_NAME = glad;
				SECTORDER_FLAGS = "";
				SYMROOT = "/Users/mac/Documents/GITRepositories/Dev-2-libigl/XcodeProject/glad";
				USE_HEADERMAP = NO;
				WARNING_CFLAGS = ("-Wmost","-Wno-four-char-constants","-Wno-unknown-pragmas","$(inherited)");
			};
			name = RelWithDebInfo;
		};
		603248A6C84E48089AD57BAE /* Release */ = {
			isa = XCBuildConfiguration;
			buildSettings = {
				MACOSX_DEPLOYMENT_TARGET = 10.13;
				ONLY_ACTIVE_ARCH = YES;
				SDKROOT = /Applications/Xcode.app/Contents/Developer/Platforms/MacOSX.platform/Developer/SDKs/MacOSX10.14.sdk;
				SYMROOT = "/Users/mac/Documents/GITRepositories/Dev-2-libigl/XcodeProject/glad/build";
			};
			name = Release;
		};
		62E323F633DC46519820F720 /* MinSizeRel */ = {
			isa = XCBuildConfiguration;
			buildSettings = {
				COMBINE_HIDPI_IMAGES = YES;
				GCC_GENERATE_DEBUGGING_SYMBOLS = YES;
				GCC_INLINES_ARE_PRIVATE_EXTERN = NO;
				GCC_OPTIMIZATION_LEVEL = 0;
				GCC_PREPROCESSOR_DEFINITIONS = ("'CMAKE_INTDIR=\"$(CONFIGURATION)$(EFFECTIVE_PLATFORM_NAME)\"'");
				GCC_SYMBOLS_PRIVATE_EXTERN = NO;
				INSTALL_PATH = "";
				OTHER_LDFLAGS = " ";
				OTHER_REZFLAGS = "";
				PRODUCT_NAME = ZERO_CHECK;
				SECTORDER_FLAGS = "";
				SYMROOT = "/Users/mac/Documents/GITRepositories/Dev-2-libigl/XcodeProject/glad";
				USE_HEADERMAP = NO;
				WARNING_CFLAGS = ("-Wmost","-Wno-four-char-constants","-Wno-unknown-pragmas","$(inherited)");
			};
			name = MinSizeRel;
		};
		698D80BF4C2046D392229C9F /* MinSizeRel */ = {
			isa = XCBuildConfiguration;
			buildSettings = {
				COMBINE_HIDPI_IMAGES = YES;
				EXECUTABLE_PREFIX = lib;
				EXECUTABLE_SUFFIX = .a;
				GCC_GENERATE_DEBUGGING_SYMBOLS = NO;
				GCC_INLINES_ARE_PRIVATE_EXTERN = NO;
				GCC_OPTIMIZATION_LEVEL = s;
				GCC_PREPROCESSOR_DEFINITIONS = ("'CMAKE_INTDIR=\"$(CONFIGURATION)$(EFFECTIVE_PLATFORM_NAME)\"'");
				GCC_SYMBOLS_PRIVATE_EXTERN = NO;
				HEADER_SEARCH_PATHS = (/Users/mac/Documents/GITRepositories/libigl/external/glad/include);
				INSTALL_PATH = "";
				LIBRARY_STYLE = STATIC;
				OTHER_CFLAGS = " -fPIC     -DNDEBUG -I/Users/mac/Documents/GITRepositories/libigl/external/glad/include   ";
				OTHER_LIBTOOLFLAGS = " ";
				OTHER_REZFLAGS = "";
				PRODUCT_NAME = glad;
				SECTORDER_FLAGS = "";
				SYMROOT = "/Users/mac/Documents/GITRepositories/Dev-2-libigl/XcodeProject/glad";
				USE_HEADERMAP = NO;
				WARNING_CFLAGS = ("-Wmost","-Wno-four-char-constants","-Wno-unknown-pragmas","$(inherited)");
			};
			name = MinSizeRel;
		};
		72B659CA79504FAABBE18B1F /* Debug */ = {
			isa = XCBuildConfiguration;
			buildSettings = {
				COMBINE_HIDPI_IMAGES = YES;
				GCC_GENERATE_DEBUGGING_SYMBOLS = YES;
				GCC_INLINES_ARE_PRIVATE_EXTERN = NO;
				GCC_OPTIMIZATION_LEVEL = 0;
				GCC_PREPROCESSOR_DEFINITIONS = ("'CMAKE_INTDIR=\"$(CONFIGURATION)$(EFFECTIVE_PLATFORM_NAME)\"'");
				GCC_SYMBOLS_PRIVATE_EXTERN = NO;
				INSTALL_PATH = "";
				OTHER_LDFLAGS = " ";
				OTHER_REZFLAGS = "";
				PRODUCT_NAME = ALL_BUILD;
				SECTORDER_FLAGS = "";
				SYMROOT = "/Users/mac/Documents/GITRepositories/Dev-2-libigl/XcodeProject/glad";
				USE_HEADERMAP = NO;
				WARNING_CFLAGS = ("-Wmost","-Wno-four-char-constants","-Wno-unknown-pragmas","$(inherited)");
			};
			name = Debug;
		};
		756030BAA92643CE9AE5BD4F /* Debug */ = {
			isa = XCBuildConfiguration;
			buildSettings = {
				COMBINE_HIDPI_IMAGES = YES;
				GCC_GENERATE_DEBUGGING_SYMBOLS = YES;
				GCC_INLINES_ARE_PRIVATE_EXTERN = NO;
				GCC_OPTIMIZATION_LEVEL = 0;
				GCC_PREPROCESSOR_DEFINITIONS = ("'CMAKE_INTDIR=\"$(CONFIGURATION)$(EFFECTIVE_PLATFORM_NAME)\"'");
				GCC_SYMBOLS_PRIVATE_EXTERN = NO;
				INSTALL_PATH = "";
				OTHER_LDFLAGS = " ";
				OTHER_REZFLAGS = "";
				PRODUCT_NAME = ZERO_CHECK;
				SECTORDER_FLAGS = "";
				SYMROOT = "/Users/mac/Documents/GITRepositories/Dev-2-libigl/XcodeProject/glad";
				USE_HEADERMAP = NO;
				WARNING_CFLAGS = ("-Wmost","-Wno-four-char-constants","-Wno-unknown-pragmas","$(inherited)");
			};
			name = Debug;
		};
		84B5D6C467C74323BCDC77D9 /* RelWithDebInfo */ = {
			isa = XCBuildConfiguration;
			buildSettings = {
				COMBINE_HIDPI_IMAGES = YES;
				GCC_GENERATE_DEBUGGING_SYMBOLS = YES;
				GCC_INLINES_ARE_PRIVATE_EXTERN = NO;
				GCC_OPTIMIZATION_LEVEL = 0;
				GCC_PREPROCESSOR_DEFINITIONS = ("'CMAKE_INTDIR=\"$(CONFIGURATION)$(EFFECTIVE_PLATFORM_NAME)\"'");
				GCC_SYMBOLS_PRIVATE_EXTERN = NO;
				INSTALL_PATH = "";
				OTHER_LDFLAGS = " ";
				OTHER_REZFLAGS = "";
				PRODUCT_NAME = install;
				SECTORDER_FLAGS = "";
				SYMROOT = "/Users/mac/Documents/GITRepositories/Dev-2-libigl/XcodeProject/glad";
				USE_HEADERMAP = NO;
				WARNING_CFLAGS = ("-Wmost","-Wno-four-char-constants","-Wno-unknown-pragmas","$(inherited)");
			};
			name = RelWithDebInfo;
		};
		9E46ED2837A04404A013FD7C /* RelWithDebInfo */ = {
			isa = XCBuildConfiguration;
			buildSettings = {
				COMBINE_HIDPI_IMAGES = YES;
				GCC_GENERATE_DEBUGGING_SYMBOLS = YES;
				GCC_INLINES_ARE_PRIVATE_EXTERN = NO;
				GCC_OPTIMIZATION_LEVEL = 0;
				GCC_PREPROCESSOR_DEFINITIONS = ("'CMAKE_INTDIR=\"$(CONFIGURATION)$(EFFECTIVE_PLATFORM_NAME)\"'");
				GCC_SYMBOLS_PRIVATE_EXTERN = NO;
				INSTALL_PATH = "";
				OTHER_LDFLAGS = " ";
				OTHER_REZFLAGS = "";
				PRODUCT_NAME = ZERO_CHECK;
				SECTORDER_FLAGS = "";
				SYMROOT = "/Users/mac/Documents/GITRepositories/Dev-2-libigl/XcodeProject/glad";
				USE_HEADERMAP = NO;
				WARNING_CFLAGS = ("-Wmost","-Wno-four-char-constants","-Wno-unknown-pragmas","$(inherited)");
			};
			name = RelWithDebInfo;
		};
		B7BD8B9B41774315BFD4EE2B /* MinSizeRel */ = {
			isa = XCBuildConfiguration;
			buildSettings = {
				COMBINE_HIDPI_IMAGES = YES;
				GCC_GENERATE_DEBUGGING_SYMBOLS = YES;
				GCC_INLINES_ARE_PRIVATE_EXTERN = NO;
				GCC_OPTIMIZATION_LEVEL = 0;
				GCC_PREPROCESSOR_DEFINITIONS = ("'CMAKE_INTDIR=\"$(CONFIGURATION)$(EFFECTIVE_PLATFORM_NAME)\"'");
				GCC_SYMBOLS_PRIVATE_EXTERN = NO;
				INSTALL_PATH = "";
				OTHER_LDFLAGS = " ";
				OTHER_REZFLAGS = "";
				PRODUCT_NAME = ALL_BUILD;
				SECTORDER_FLAGS = "";
				SYMROOT = "/Users/mac/Documents/GITRepositories/Dev-2-libigl/XcodeProject/glad";
				USE_HEADERMAP = NO;
				WARNING_CFLAGS = ("-Wmost","-Wno-four-char-constants","-Wno-unknown-pragmas","$(inherited)");
			};
			name = MinSizeRel;
		};
		C7654042E3D44F43BF88F1F6 /* MinSizeRel */ = {
			isa = XCBuildConfiguration;
			buildSettings = {
				COMBINE_HIDPI_IMAGES = YES;
				GCC_GENERATE_DEBUGGING_SYMBOLS = YES;
				GCC_INLINES_ARE_PRIVATE_EXTERN = NO;
				GCC_OPTIMIZATION_LEVEL = 0;
				GCC_PREPROCESSOR_DEFINITIONS = ("'CMAKE_INTDIR=\"$(CONFIGURATION)$(EFFECTIVE_PLATFORM_NAME)\"'");
				GCC_SYMBOLS_PRIVATE_EXTERN = NO;
				INSTALL_PATH = "";
				OTHER_LDFLAGS = " ";
				OTHER_REZFLAGS = "";
				PRODUCT_NAME = install;
				SECTORDER_FLAGS = "";
				SYMROOT = "/Users/mac/Documents/GITRepositories/Dev-2-libigl/XcodeProject/glad";
				USE_HEADERMAP = NO;
				WARNING_CFLAGS = ("-Wmost","-Wno-four-char-constants","-Wno-unknown-pragmas","$(inherited)");
			};
			name = MinSizeRel;
		};
		C947B0A4CCD8497D90B5A6B0 /* Debug */ = {
			isa = XCBuildConfiguration;
			buildSettings = {
				MACOSX_DEPLOYMENT_TARGET = 10.13;
				ONLY_ACTIVE_ARCH = YES;
				SDKROOT = /Applications/Xcode.app/Contents/Developer/Platforms/MacOSX.platform/Developer/SDKs/MacOSX10.14.sdk;
				SYMROOT = "/Users/mac/Documents/GITRepositories/Dev-2-libigl/XcodeProject/glad/build";
			};
			name = Debug;
		};
		CC1878CD47F04AF588F77AD6 /* Release */ = {
			isa = XCBuildConfiguration;
			buildSettings = {
				COMBINE_HIDPI_IMAGES = YES;
				GCC_GENERATE_DEBUGGING_SYMBOLS = YES;
				GCC_INLINES_ARE_PRIVATE_EXTERN = NO;
				GCC_OPTIMIZATION_LEVEL = 0;
				GCC_PREPROCESSOR_DEFINITIONS = ("'CMAKE_INTDIR=\"$(CONFIGURATION)$(EFFECTIVE_PLATFORM_NAME)\"'");
				GCC_SYMBOLS_PRIVATE_EXTERN = NO;
				INSTALL_PATH = "";
				OTHER_LDFLAGS = " ";
				OTHER_REZFLAGS = "";
				PRODUCT_NAME = install;
				SECTORDER_FLAGS = "";
				SYMROOT = "/Users/mac/Documents/GITRepositories/Dev-2-libigl/XcodeProject/glad";
				USE_HEADERMAP = NO;
				WARNING_CFLAGS = ("-Wmost","-Wno-four-char-constants","-Wno-unknown-pragmas","$(inherited)");
			};
			name = Release;
		};
		DD1FF90F2D12442891A67539 /* Debug */ = {
			isa = XCBuildConfiguration;
			buildSettings = {
				COMBINE_HIDPI_IMAGES = YES;
				GCC_GENERATE_DEBUGGING_SYMBOLS = YES;
				GCC_INLINES_ARE_PRIVATE_EXTERN = NO;
				GCC_OPTIMIZATION_LEVEL = 0;
				GCC_PREPROCESSOR_DEFINITIONS = ("'CMAKE_INTDIR=\"$(CONFIGURATION)$(EFFECTIVE_PLATFORM_NAME)\"'");
				GCC_SYMBOLS_PRIVATE_EXTERN = NO;
				INSTALL_PATH = "";
				OTHER_LDFLAGS = " ";
				OTHER_REZFLAGS = "";
				PRODUCT_NAME = install;
				SECTORDER_FLAGS = "";
				SYMROOT = "/Users/mac/Documents/GITRepositories/Dev-2-libigl/XcodeProject/glad";
				USE_HEADERMAP = NO;
				WARNING_CFLAGS = ("-Wmost","-Wno-four-char-constants","-Wno-unknown-pragmas","$(inherited)");
			};
			name = Debug;
		};
		E8803880481D456B921AD7B3 /* MinSizeRel */ = {
			isa = XCBuildConfiguration;
			buildSettings = {
				MACOSX_DEPLOYMENT_TARGET = 10.13;
				ONLY_ACTIVE_ARCH = YES;
				SDKROOT = /Applications/Xcode.app/Contents/Developer/Platforms/MacOSX.platform/Developer/SDKs/MacOSX10.14.sdk;
				SYMROOT = "/Users/mac/Documents/GITRepositories/Dev-2-libigl/XcodeProject/glad/build";
			};
			name = MinSizeRel;
		};
/* End XCBuildConfiguration section */

/* Begin XCConfigurationList section */
		4F8D8382CB3543BDA1CD1BD6 /* Build configuration list for PBXProject "glad" */ = {
			isa = XCConfigurationList;
			buildConfigurations = (
				C947B0A4CCD8497D90B5A6B0 /* Debug */,
				603248A6C84E48089AD57BAE /* Release */,
				E8803880481D456B921AD7B3 /* MinSizeRel */,
				462AF9958DE54F3DB6B5FC40 /* RelWithDebInfo */,
			);
			defaultConfigurationIsVisible = 0;
			defaultConfigurationName = Debug;
		};
		5D20AEC25C664ED1A2D425F1 /* Build configuration list for PBXAggregateTarget "ZERO_CHECK" */ = {
			isa = XCConfigurationList;
			buildConfigurations = (
				756030BAA92643CE9AE5BD4F /* Debug */,
				2B6A7E709C0C449C88A39924 /* Release */,
				62E323F633DC46519820F720 /* MinSizeRel */,
				9E46ED2837A04404A013FD7C /* RelWithDebInfo */,
			);
			defaultConfigurationIsVisible = 0;
			defaultConfigurationName = Debug;
		};
		7411A255474E4E04BDBD3DF2 /* Build configuration list for PBXAggregateTarget "install" */ = {
			isa = XCConfigurationList;
			buildConfigurations = (
				DD1FF90F2D12442891A67539 /* Debug */,
				CC1878CD47F04AF588F77AD6 /* Release */,
				C7654042E3D44F43BF88F1F6 /* MinSizeRel */,
				84B5D6C467C74323BCDC77D9 /* RelWithDebInfo */,
			);
			defaultConfigurationIsVisible = 0;
			defaultConfigurationName = Debug;
		};
		CDDECB4A1F604B46A8809D48 /* Build configuration list for PBXNativeTarget "glad" */ = {
			isa = XCConfigurationList;
			buildConfigurations = (
				37B2AAF31BB24D67A002534D /* Debug */,
				00C032EBECB54EFDBED48B1A /* Release */,
				698D80BF4C2046D392229C9F /* MinSizeRel */,
				4947FF1CE5604069A6F5A481 /* RelWithDebInfo */,
			);
			defaultConfigurationIsVisible = 0;
			defaultConfigurationName = Debug;
		};
		D4AC424A825148B5893CCD63 /* Build configuration list for PBXAggregateTarget "ALL_BUILD" */ = {
			isa = XCConfigurationList;
			buildConfigurations = (
				72B659CA79504FAABBE18B1F /* Debug */,
				288A1F4E4DE846D0A2B80CAA /* Release */,
				B7BD8B9B41774315BFD4EE2B /* MinSizeRel */,
				1E144A3D400C4358A5B77C95 /* RelWithDebInfo */,
			);
			defaultConfigurationIsVisible = 0;
			defaultConfigurationName = Debug;
		};
/* End XCConfigurationList section */
	};
	rootObject = DD78B08EADE94CE284A621E1 /* Project object */;
}
